{
  "name": "tsspec",
  "version": "1.0.0",
  "lockfileVersion": 3,
  "requires": true,
  "packages": {
    "": {
      "name": "tsspec",
      "version": "1.0.0",
      "license": "ISC",
      "dependencies": {
        "systeminformation": "^5.27.7"
      }
    },
    "node_modules/systeminformation": {
      "version": "5.27.7",
      "resolved": "https://registry.npmjs.org/systeminformation/-/systeminformation-5.27.7.tgz",
      "integrity": "sha512-saaqOoVEEFaux4v0K8Q7caiauRwjXC4XbD2eH60dxHXbpKxQ8kH9Rf7Jh+nryKpOUSEFxtCdBlSUx0/lO6rwRg==",
      "license": "MIT",
      "os": [
        "darwin",
        "linux",
        "win32",
        "freebsd",
        "openbsd",
        "netbsd",
        "sunos",
        "android"
      ],
      "bin": {
        "systeminformation": "lib/cli.js"
      },
      "engines": {
        "node": ">=8.0.0"
      },
      "funding": {
        "type": "Buy me a coffee",
        "url": "https://www.buymeacoffee.com/systeminfo"
      }
    }
  }
}
